
Microsoft Visual Studio Solution File, Format Version 12.00
# Visual Studio Version 16
VisualStudioVersion = 16.0.28516.95
MinimumVisualStudioVersion = 10.0.40219.1
Project("{FAE04EC0-301F-11D3-BF4B-00C04F79EFBC}") = "Disasmo.Vsix", "src\Disasmo.Vsix.csproj", "{3334577B-6E6F-4AF2-BDD3-FE03D697CCC5}"
EndProject
Project("{9A19103F-16F7-4668-BE54-9A1E7A4F7556}") = "BenchmarkDotNet.Disassembler.x64", "src\BenchmarkDotNet.Disassembler.x64\BenchmarkDotNet.Disassembler.x64.csproj", "{3428BD3B-BA98-42AA-864F-7C85A95A7D05}"
EndProject
Global
	GlobalSection(SolutionConfigurationPlatforms) = preSolution
		Debug|Any CPU = Debug|Any CPU
		Release|Any CPU = Release|Any CPU
	EndGlobalSection
	GlobalSection(ProjectConfigurationPlatforms) = postSolution
		{3334577B-6E6F-4AF2-BDD3-FE03D697CCC5}.Debug|Any CPU.ActiveCfg = Debug|Any CPU
		{3334577B-6E6F-4AF2-BDD3-FE03D697CCC5}.Debug|Any CPU.Build.0 = Debug|Any CPU
		{3334577B-6E6F-4AF2-BDD3-FE03D697CCC5}.Release|Any CPU.ActiveCfg = Release|Any CPU
		{3334577B-6E6F-4AF2-BDD3-FE03D697CCC5}.Release|Any CPU.Build.0 = Release|Any CPU
		{3428BD3B-BA98-42AA-864F-7C85A95A7D05}.Debug|Any CPU.ActiveCfg = Debug|Any CPU
		{3428BD3B-BA98-42AA-864F-7C85A95A7D05}.Debug|Any CPU.Build.0 = Debug|Any CPU
		{3428BD3B-BA98-42AA-864F-7C85A95A7D05}.Release|Any CPU.ActiveCfg = Release|Any CPU
		{3428BD3B-BA98-42AA-864F-7C85A95A7D05}.Release|Any CPU.Build.0 = Release|Any CPU
	EndGlobalSection
	GlobalSection(SolutionProperties) = preSolution
		HideSolutionNode = FALSE
	EndGlobalSection
	GlobalSection(ExtensibilityGlobals) = postSolution
		SolutionGuid = {F9249C67-05FB-4105-A619-BBE976B34BA1}
	EndGlobalSection
EndGlobal
